
Microsoft Visual Studio Solution File, Format Version 12.00
# Visual Studio Version 16
VisualStudioVersion = 16.0.30413.136
MinimumVisualStudioVersion = 10.0.40219.1
Project("{FAE04EC0-301F-11D3-BF4B-00C04F79EFBC}") = "FinalProject", "FinalProject.csproj", "{BA31D359-DDD7-4233-B9C1-F0A1936F8007}"
EndProject
Project("{FAE04EC0-301F-11D3-BF4B-00C04F79EFBC}") = "BL", "..\BL\BL.csproj", "{93F0330F-24E1-49FA-8349-8303A34AC96C}"
EndProject
Project("{FAE04EC0-301F-11D3-BF4B-00C04F79EFBC}") = "DAL", "..\DAL\DAL.csproj", "{127C753C-A499-4F5F-AC6C-1AFB7A328769}"
EndProject
Project("{FAE04EC0-301F-11D3-BF4B-00C04F79EFBC}") = "BL.BE", "..\BL.BE\BL.BE.csproj", "{B38C4C44-FB53-4050-A6EC-29FE1E4C963A}"
EndProject
Global
	GlobalSection(SolutionConfigurationPlatforms) = preSolution
		Debug|Any CPU = Debug|Any CPU
		Release|Any CPU = Release|Any CPU
	EndGlobalSection
	GlobalSection(ProjectConfigurationPlatforms) = postSolution
		{BA31D359-DDD7-4233-B9C1-F0A1936F8007}.Debug|Any CPU.ActiveCfg = Debug|Any CPU
		{BA31D359-DDD7-4233-B9C1-F0A1936F8007}.Debug|Any CPU.Build.0 = Debug|Any CPU
		{BA31D359-DDD7-4233-B9C1-F0A1936F8007}.Release|Any CPU.ActiveCfg = Release|Any CPU
		{BA31D359-DDD7-4233-B9C1-F0A1936F8007}.Release|Any CPU.Build.0 = Release|Any CPU
		{93F0330F-24E1-49FA-8349-8303A34AC96C}.Debug|Any CPU.ActiveCfg = Debug|Any CPU
		{93F0330F-24E1-49FA-8349-8303A34AC96C}.Debug|Any CPU.Build.0 = Debug|Any CPU
		{93F0330F-24E1-49FA-8349-8303A34AC96C}.Release|Any CPU.ActiveCfg = Release|Any CPU
		{93F0330F-24E1-49FA-8349-8303A34AC96C}.Release|Any CPU.Build.0 = Release|Any CPU
		{127C753C-A499-4F5F-AC6C-1AFB7A328769}.Debug|Any CPU.ActiveCfg = Debug|Any CPU
		{127C753C-A499-4F5F-AC6C-1AFB7A328769}.Debug|Any CPU.Build.0 = Debug|Any CPU
		{127C753C-A499-4F5F-AC6C-1AFB7A328769}.Release|Any CPU.ActiveCfg = Release|Any CPU
		{127C753C-A499-4F5F-AC6C-1AFB7A328769}.Release|Any CPU.Build.0 = Release|Any CPU
		{B38C4C44-FB53-4050-A6EC-29FE1E4C963A}.Debug|Any CPU.ActiveCfg = Debug|Any CPU
		{B38C4C44-FB53-4050-A6EC-29FE1E4C963A}.Debug|Any CPU.Build.0 = Debug|Any CPU
		{B38C4C44-FB53-4050-A6EC-29FE1E4C963A}.Release|Any CPU.ActiveCfg = Release|Any CPU
		{B38C4C44-FB53-4050-A6EC-29FE1E4C963A}.Release|Any CPU.Build.0 = Release|Any CPU
	EndGlobalSection
	GlobalSection(SolutionProperties) = preSolution
		HideSolutionNode = FALSE
	EndGlobalSection
	GlobalSection(ExtensibilityGlobals) = postSolution
		SolutionGuid = {14C4681F-F8D2-477A-898F-23DB95396450}
	EndGlobalSection
EndGlobal
